// !$*UTF8*$!
{
	archiveVersion = 1;
	classes = {
	};
	objectVersion = 51;
	objects = {

/* Begin PBXBuildFile section */
		6EA2FCB5253B865600566D06 /* AppDelegate.swift in Sources */ = {isa = PBXBuildFile; fileRef = 6EA2FCB4253B865600566D06 /* AppDelegate.swift */; };
		6EA2FCB7253B865600566D06 /* SceneDelegate.swift in Sources */ = {isa = PBXBuildFile; fileRef = 6EA2FCB6253B865600566D06 /* SceneDelegate.swift */; };
		6EA2FCBC253B865600566D06 /* Main.storyboard in Resources */ = {isa = PBXBuildFile; fileRef = 6EA2FCBA253B865600566D06 /* Main.storyboard */; };
		6EA2FCBE253B865900566D06 /* Assets.xcassets in Resources */ = {isa = PBXBuildFile; fileRef = 6EA2FCBD253B865900566D06 /* Assets.xcassets */; };
		6EA2FCC1253B865900566D06 /* LaunchScreen.storyboard in Resources */ = {isa = PBXBuildFile; fileRef = 6EA2FCBF253B865900566D06 /* LaunchScreen.storyboard */; };
		6EA2FCCD253B871B00566D06 /* MainViewController.swift in Sources */ = {isa = PBXBuildFile; fileRef = 6EA2FCCC253B871B00566D06 /* MainViewController.swift */; };
		6EA2FCD0253B8BE600566D06 /* LaunchViewController.swift in Sources */ = {isa = PBXBuildFile; fileRef = 6EA2FCCF253B8BE600566D06 /* LaunchViewController.swift */; };
		6EA2FCD2253B8BF900566D06 /* TeleSettingsViewController.swift in Sources */ = {isa = PBXBuildFile; fileRef = 6EA2FCD1253B8BF900566D06 /* TeleSettingsViewController.swift */; };
		6EA2FCD4253B8C0300566D06 /* CameraViewController.swift in Sources */ = {isa = PBXBuildFile; fileRef = 6EA2FCD3253B8C0300566D06 /* CameraViewController.swift */; };
		6EA2FCD7253B8C5800566D06 /* ToneRecordViewController.swift in Sources */ = {isa = PBXBuildFile; fileRef = 6EA2FCD6253B8C5800566D06 /* ToneRecordViewController.swift */; };
		6EA2FCD9253B9E0500566D06 /* UITextView+Additions.swift in Sources */ = {isa = PBXBuildFile; fileRef = 6EA2FCD8253B9E0500566D06 /* UITextView+Additions.swift */; };
		6EA2FCDB253B9E5F00566D06 /* NonCameraViewController.swift in Sources */ = {isa = PBXBuildFile; fileRef = 6EA2FCDA253B9E5F00566D06 /* NonCameraViewController.swift */; };
		EA0712B3DC6586815A247A04 /* Pods_We_The_Speakers.framework in Frameworks */ = {isa = PBXBuildFile; fileRef = EDBAC8FA18E12D6CBA8FD79E /* Pods_We_The_Speakers.framework */; };
/* End PBXBuildFile section */

/* Begin PBXFileReference section */
		6EA2FCB1253B865600566D06 /* We The Speakers.app */ = {isa = PBXFileReference; explicitFileType = wrapper.application; includeInIndex = 0; path = "We The Speakers.app"; sourceTree = BUILT_PRODUCTS_DIR; };
		6EA2FCB4253B865600566D06 /* AppDelegate.swift */ = {isa = PBXFileReference; lastKnownFileType = sourcecode.swift; path = AppDelegate.swift; sourceTree = "<group>"; };
		6EA2FCB6253B865600566D06 /* SceneDelegate.swift */ = {isa = PBXFileReference; lastKnownFileType = sourcecode.swift; path = SceneDelegate.swift; sourceTree = "<group>"; };
		6EA2FCBB253B865600566D06 /* Base */ = {isa = PBXFileReference; lastKnownFileType = file.storyboard; name = Base; path = Base.lproj/Main.storyboard; sourceTree = "<group>"; };
		6EA2FCBD253B865900566D06 /* Assets.xcassets */ = {isa = PBXFileReference; lastKnownFileType = folder.assetcatalog; path = Assets.xcassets; sourceTree = "<group>"; };
		6EA2FCC0253B865900566D06 /* Base */ = {isa = PBXFileReference; lastKnownFileType = file.storyboard; name = Base; path = Base.lproj/LaunchScreen.storyboard; sourceTree = "<group>"; };
		6EA2FCC2253B865900566D06 /* Info.plist */ = {isa = PBXFileReference; lastKnownFileType = text.plist.xml; path = Info.plist; sourceTree = "<group>"; };
		6EA2FCCC253B871B00566D06 /* MainViewController.swift */ = {isa = PBXFileReference; lastKnownFileType = sourcecode.swift; path = MainViewController.swift; sourceTree = "<group>"; };
		6EA2FCCF253B8BE600566D06 /* LaunchViewController.swift */ = {isa = PBXFileReference; lastKnownFileType = sourcecode.swift; path = LaunchViewController.swift; sourceTree = "<group>"; };
		6EA2FCD1253B8BF900566D06 /* TeleSettingsViewController.swift */ = {isa = PBXFileReference; lastKnownFileType = sourcecode.swift; path = TeleSettingsViewController.swift; sourceTree = "<group>"; };
		6EA2FCD3253B8C0300566D06 /* CameraViewController.swift */ = {isa = PBXFileReference; lastKnownFileType = sourcecode.swift; path = CameraViewController.swift; sourceTree = "<group>"; };
		6EA2FCD6253B8C5800566D06 /* ToneRecordViewController.swift */ = {isa = PBXFileReference; lastKnownFileType = sourcecode.swift; path = ToneRecordViewController.swift; sourceTree = "<group>"; };
		6EA2FCD8253B9E0500566D06 /* UITextView+Additions.swift */ = {isa = PBXFileReference; fileEncoding = 4; lastKnownFileType = sourcecode.swift; path = "UITextView+Additions.swift"; sourceTree = "<group>"; };
		6EA2FCDA253B9E5F00566D06 /* NonCameraViewController.swift */ = {isa = PBXFileReference; lastKnownFileType = sourcecode.swift; path = NonCameraViewController.swift; sourceTree = "<group>"; };
		C91E890D4C2C805DF9FC9AFE /* Pods-We The Speakers.release.xcconfig */ = {isa = PBXFileReference; includeInIndex = 1; lastKnownFileType = text.xcconfig; name = "Pods-We The Speakers.release.xcconfig"; path = "Target Support Files/Pods-We The Speakers/Pods-We The Speakers.release.xcconfig"; sourceTree = "<group>"; };
		DBD4166D2F130D722D9D1DDE /* Pods-We The Speakers.debug.xcconfig */ = {isa = PBXFileReference; includeInIndex = 1; lastKnownFileType = text.xcconfig; name = "Pods-We The Speakers.debug.xcconfig"; path = "Target Support Files/Pods-We The Speakers/Pods-We The Speakers.debug.xcconfig"; sourceTree = "<group>"; };
		EDBAC8FA18E12D6CBA8FD79E /* Pods_We_The_Speakers.framework */ = {isa = PBXFileReference; explicitFileType = wrapper.framework; includeInIndex = 0; path = Pods_We_The_Speakers.framework; sourceTree = BUILT_PRODUCTS_DIR; };
/* End PBXFileReference section */

/* Begin PBXFrameworksBuildPhase section */
		6EA2FCAE253B865600566D06 /* Frameworks */ = {
			isa = PBXFrameworksBuildPhase;
			buildActionMask = 2147483647;
			files = (
				EA0712B3DC6586815A247A04 /* Pods_We_The_Speakers.framework in Frameworks */,
			);
			runOnlyForDeploymentPostprocessing = 0;
		};
/* End PBXFrameworksBuildPhase section */

/* Begin PBXGroup section */
		6EA2FCA8253B865600566D06 = {
			isa = PBXGroup;
			children = (
				6EA2FCB3253B865600566D06 /* We The Speakers */,
				6EA2FCB2253B865600566D06 /* Products */,
				F3C61BA1AF2EDA4D9647FDB0 /* Pods */,
				7C4021DFBAD6AC35C3BF8117 /* Frameworks */,
			);
			sourceTree = "<group>";
		};
		6EA2FCB2253B865600566D06 /* Products */ = {
			isa = PBXGroup;
			children = (
				6EA2FCB1253B865600566D06 /* We The Speakers.app */,
			);
			name = Products;
			sourceTree = "<group>";
		};
		6EA2FCB3253B865600566D06 /* We The Speakers */ = {
			isa = PBXGroup;
			children = (
				6EA2FCCB253B86E900566D06 /* Storyboards and Design */,
				6EA2FCC9253B86DE00566D06 /* Delegates and Additions */,
				6EA2FCC8253B86D500566D06 /* ViewControllers */,
				6EA2FCC2253B865900566D06 /* Info.plist */,
			);
			path = "We The Speakers";
			sourceTree = "<group>";
		};
		6EA2FCC8253B86D500566D06 /* ViewControllers */ = {
			isa = PBXGroup;
			children = (
				6EA2FCCF253B8BE600566D06 /* LaunchViewController.swift */,
				6EA2FCCC253B871B00566D06 /* MainViewController.swift */,
				6EA2FCD5253B8C3D00566D06 /* Tone */,
				6EA2FCCE253B8BC400566D06 /* Teleprompt */,
			);
			path = ViewControllers;
			sourceTree = "<group>";
		};
		6EA2FCC9253B86DE00566D06 /* Delegates and Additions */ = {
			isa = PBXGroup;
			children = (
				6EA2FCD8253B9E0500566D06 /* UITextView+Additions.swift */,
				6EA2FCB4253B865600566D06 /* AppDelegate.swift */,
				6EA2FCB6253B865600566D06 /* SceneDelegate.swift */,
			);
			path = "Delegates and Additions";
			sourceTree = "<group>";
		};
		6EA2FCCB253B86E900566D06 /* Storyboards and Design */ = {
			isa = PBXGroup;
			children = (
				6EA2FCBA253B865600566D06 /* Main.storyboard */,
				6EA2FCBD253B865900566D06 /* Assets.xcassets */,
				6EA2FCBF253B865900566D06 /* LaunchScreen.storyboard */,
			);
			path = "Storyboards and Design";
			sourceTree = "<group>";
		};
		6EA2FCCE253B8BC400566D06 /* Teleprompt */ = {
			isa = PBXGroup;
			children = (
				6EA2FCD1253B8BF900566D06 /* TeleSettingsViewController.swift */,
				6EA2FCD3253B8C0300566D06 /* CameraViewController.swift */,
				6EA2FCDA253B9E5F00566D06 /* NonCameraViewController.swift */,
			);
			path = Teleprompt;
			sourceTree = "<group>";
		};
		6EA2FCD5253B8C3D00566D06 /* Tone */ = {
			isa = PBXGroup;
			children = (
				6EA2FCD6253B8C5800566D06 /* ToneRecordViewController.swift */,
			);
			path = Tone;
			sourceTree = "<group>";
		};
		7C4021DFBAD6AC35C3BF8117 /* Frameworks */ = {
			isa = PBXGroup;
			children = (
				EDBAC8FA18E12D6CBA8FD79E /* Pods_We_The_Speakers.framework */,
			);
			name = Frameworks;
			sourceTree = "<group>";
		};
		F3C61BA1AF2EDA4D9647FDB0 /* Pods */ = {
			isa = PBXGroup;
			children = (
				DBD4166D2F130D722D9D1DDE /* Pods-We The Speakers.debug.xcconfig */,
				C91E890D4C2C805DF9FC9AFE /* Pods-We The Speakers.release.xcconfig */,
			);
			path = Pods;
			sourceTree = "<group>";
		};
/* End PBXGroup section */

/* Begin PBXNativeTarget section */
		6EA2FCB0253B865600566D06 /* We The Speakers */ = {
			isa = PBXNativeTarget;
			buildConfigurationList = 6EA2FCC5253B865900566D06 /* Build configuration list for PBXNativeTarget "We The Speakers" */;
			buildPhases = (
				05AD4E84F89D684A91552E93 /* [CP] Check Pods Manifest.lock */,
				6EA2FCAD253B865600566D06 /* Sources */,
				6EA2FCAE253B865600566D06 /* Frameworks */,
				6EA2FCAF253B865600566D06 /* Resources */,
				1B8FC00A202E0EAD4F7B413F /* [CP] Embed Pods Frameworks */,
			);
			buildRules = (
			);
			dependencies = (
			);
			name = "We The Speakers";
			productName = "We The Speakers";
			productReference = 6EA2FCB1253B865600566D06 /* We The Speakers.app */;
			productType = "com.apple.product-type.application";
		};
/* End PBXNativeTarget section */

/* Begin PBXProject section */
		6EA2FCA9253B865600566D06 /* Project object */ = {
			isa = PBXProject;
			attributes = {
				LastSwiftUpdateCheck = 1160;
				LastUpgradeCheck = 1160;
				ORGANIZATIONNAME = "Shreeniket Bendre";
				TargetAttributes = {
					6EA2FCB0253B865600566D06 = {
						CreatedOnToolsVersion = 11.6;
					};
				};
			};
			buildConfigurationList = 6EA2FCAC253B865600566D06 /* Build configuration list for PBXProject "We The Speakers" */;
			compatibilityVersion = "Xcode 9.3";
			developmentRegion = en;
			hasScannedForEncodings = 0;
			knownRegions = (
				en,
				Base,
			);
			mainGroup = 6EA2FCA8253B865600566D06;
			productRefGroup = 6EA2FCB2253B865600566D06 /* Products */;
			projectDirPath = "";
			projectRoot = "";
			targets = (
				6EA2FCB0253B865600566D06 /* We The Speakers */,
			);
		};
/* End PBXProject section */

/* Begin PBXResourcesBuildPhase section */
		6EA2FCAF253B865600566D06 /* Resources */ = {
			isa = PBXResourcesBuildPhase;
			buildActionMask = 2147483647;
			files = (
				6EA2FCC1253B865900566D06 /* LaunchScreen.storyboard in Resources */,
				6EA2FCBE253B865900566D06 /* Assets.xcassets in Resources */,
				6EA2FCBC253B865600566D06 /* Main.storyboard in Resources */,
			);
			runOnlyForDeploymentPostprocessing = 0;
		};
/* End PBXResourcesBuildPhase section */

/* Begin PBXShellScriptBuildPhase section */
		05AD4E84F89D684A91552E93 /* [CP] Check Pods Manifest.lock */ = {
			isa = PBXShellScriptBuildPhase;
			buildActionMask = 2147483647;
			files = (
			);
			inputFileListPaths = (
			);
			inputPaths = (
				"${PODS_PODFILE_DIR_PATH}/Podfile.lock",
				"${PODS_ROOT}/Manifest.lock",
			);
			name = "[CP] Check Pods Manifest.lock";
			outputFileListPaths = (
			);
			outputPaths = (
				"$(DERIVED_FILE_DIR)/Pods-We The Speakers-checkManifestLockResult.txt",
			);
			runOnlyForDeploymentPostprocessing = 0;
			shellPath = /bin/sh;
			shellScript = "diff \"${PODS_PODFILE_DIR_PATH}/Podfile.lock\" \"${PODS_ROOT}/Manifest.lock\" > /dev/null\nif [ $? != 0 ] ; then\n    # print error to STDERR\n    echo \"error: The sandbox is not in sync with the Podfile.lock. Run 'pod install' or update your CocoaPods installation.\" >&2\n    exit 1\nfi\n# This output is used by Xcode 'outputs' to avoid re-running this script phase.\necho \"SUCCESS\" > \"${SCRIPT_OUTPUT_FILE_0}\"\n";
			showEnvVarsInLog = 0;
		};
		1B8FC00A202E0EAD4F7B413F /* [CP] Embed Pods Frameworks */ = {
			isa = PBXShellScriptBuildPhase;
			buildActionMask = 2147483647;
			files = (
			);
			inputFileListPaths = (
				"${PODS_ROOT}/Target Support Files/Pods-We The Speakers/Pods-We The Speakers-frameworks-${CONFIGURATION}-input-files.xcfilelist",
			);
			name = "[CP] Embed Pods Frameworks";
			outputFileListPaths = (
				"${PODS_ROOT}/Target Support Files/Pods-We The Speakers/Pods-We The Speakers-frameworks-${CONFIGURATION}-output-files.xcfilelist",
			);
			runOnlyForDeploymentPostprocessing = 0;
			shellPath = /bin/sh;
			shellScript = "\"${PODS_ROOT}/Target Support Files/Pods-We The Speakers/Pods-We The Speakers-frameworks.sh\"\n";
			showEnvVarsInLog = 0;
		};
/* End PBXShellScriptBuildPhase section */

/* Begin PBXSourcesBuildPhase section */
		6EA2FCAD253B865600566D06 /* Sources */ = {
			isa = PBXSourcesBuildPhase;
			buildActionMask = 2147483647;
			files = (
				6EA2FCD2253B8BF900566D06 /* TeleSettingsViewController.swift in Sources */,
				6EA2FCDB253B9E5F00566D06 /* NonCameraViewController.swift in Sources */,
				6EA2FCCD253B871B00566D06 /* MainViewController.swift in Sources */,
				6EA2FCD7253B8C5800566D06 /* ToneRecordViewController.swift in Sources */,
				6EA2FCD4253B8C0300566D06 /* CameraViewController.swift in Sources */,
				6EA2FCB5253B865600566D06 /* AppDelegate.swift in Sources */,
				6EA2FCD9253B9E0500566D06 /* UITextView+Additions.swift in Sources */,
				6EA2FCB7253B865600566D06 /* SceneDelegate.swift in Sources */,
				6EA2FCD0253B8BE600566D06 /* LaunchViewController.swift in Sources */,
			);
			runOnlyForDeploymentPostprocessing = 0;
		};
/* End PBXSourcesBuildPhase section */

/* Begin PBXVariantGroup section */
		6EA2FCBA253B865600566D06 /* Main.storyboard */ = {
			isa = PBXVariantGroup;
			children = (
				6EA2FCBB253B865600566D06 /* Base */,
			);
			name = Main.storyboard;
			sourceTree = "<group>";
		};
		6EA2FCBF253B865900566D06 /* LaunchScreen.storyboard */ = {
			isa = PBXVariantGroup;
			children = (
				6EA2FCC0253B865900566D06 /* Base */,
			);
			name = LaunchScreen.storyboard;
			sourceTree = "<group>";
		};
/* End PBXVariantGroup section */

/* Begin XCBuildConfiguration section */
		6EA2FCC3253B865900566D06 /* Debug */ = {
			isa = XCBuildConfiguration;
			buildSettings = {
				ALWAYS_SEARCH_USER_PATHS = NO;
				CLANG_ANALYZER_NONNULL = YES;
				CLANG_ANALYZER_NUMBER_OBJECT_CONVERSION = YES_AGGRESSIVE;
				CLANG_CXX_LANGUAGE_STANDARD = "gnu++14";
				CLANG_CXX_LIBRARY = "libc++";
				CLANG_ENABLE_MODULES = YES;
				CLANG_ENABLE_OBJC_ARC = YES;
				CLANG_ENABLE_OBJC_WEAK = YES;
				CLANG_WARN_BLOCK_CAPTURE_AUTORELEASING = YES;
				CLANG_WARN_BOOL_CONVERSION = YES;
				CLANG_WARN_COMMA = YES;
				CLANG_WARN_CONSTANT_CONVERSION = YES;
				CLANG_WARN_DEPRECATED_OBJC_IMPLEMENTATIONS = YES;
				CLANG_WARN_DIRECT_OBJC_ISA_USAGE = YES_ERROR;
				CLANG_WARN_DOCUMENTATION_COMMENTS = YES;
				CLANG_WARN_EMPTY_BODY = YES;
				CLANG_WARN_ENUM_CONVERSION = YES;
				CLANG_WARN_INFINITE_RECURSION = YES;
				CLANG_WARN_INT_CONVERSION = YES;
				CLANG_WARN_NON_LITERAL_NULL_CONVERSION = YES;
				CLANG_WARN_OBJC_IMPLICIT_RETAIN_SELF = YES;
				CLANG_WARN_OBJC_LITERAL_CONVERSION = YES;
				CLANG_WARN_OBJC_ROOT_CLASS = YES_ERROR;
				CLANG_WARN_RANGE_LOOP_ANALYSIS = YES;
				CLANG_WARN_STRICT_PROTOTYPES = YES;
				CLANG_WARN_SUSPICIOUS_MOVE = YES;
				CLANG_WARN_UNGUARDED_AVAILABILITY = YES_AGGRESSIVE;
				CLANG_WARN_UNREACHABLE_CODE = YES;
				CLANG_WARN__DUPLICATE_METHOD_MATCH = YES;
				COPY_PHASE_STRIP = NO;
				DEBUG_INFORMATION_FORMAT = dwarf;
				ENABLE_STRICT_OBJC_MSGSEND = YES;
				ENABLE_TESTABILITY = YES;
				GCC_C_LANGUAGE_STANDARD = gnu11;
				GCC_DYNAMIC_NO_PIC = NO;
				GCC_NO_COMMON_BLOCKS = YES;
				GCC_OPTIMIZATION_LEVEL = 0;
				GCC_PREPROCESSOR_DEFINITIONS = (
					"DEBUG=1",
					"$(inherited)",
				);
				GCC_WARN_64_TO_32_BIT_CONVERSION = YES;
				GCC_WARN_ABOUT_RETURN_TYPE = YES_ERROR;
				GCC_WARN_UNDECLARED_SELECTOR = YES;
				GCC_WARN_UNINITIALIZED_AUTOS = YES_AGGRESSIVE;
				GCC_WARN_UNUSED_FUNCTION = YES;
				GCC_WARN_UNUSED_VARIABLE = YES;
				IPHONEOS_DEPLOYMENT_TARGET = 13.6;
				MTL_ENABLE_DEBUG_INFO = INCLUDE_SOURCE;
				MTL_FAST_MATH = YES;
				ONLY_ACTIVE_ARCH = YES;
				SDKROOT = iphoneos;
				SWIFT_ACTIVE_COMPILATION_CONDITIONS = DEBUG;
				SWIFT_OPTIMIZATION_LEVEL = "-Onone";
			};
			name = Debug;
		};
		6EA2FCC4253B865900566D06 /* Release */ = {
			isa = XCBuildConfiguration;
			buildSettings = {
				ALWAYS_SEARCH_USER_PATHS = NO;
				CLANG_ANALYZER_NONNULL = YES;
				CLANG_ANALYZER_NUMBER_OBJECT_CONVERSION = YES_AGGRESSIVE;
				CLANG_CXX_LANGUAGE_STANDARD = "gnu++14";
				CLANG_CXX_LIBRARY = "libc++";
				CLANG_ENABLE_MODULES = YES;
				CLANG_ENABLE_OBJC_ARC = YES;
				CLANG_ENABLE_OBJC_WEAK = YES;
				CLANG_WARN_BLOCK_CAPTURE_AUTORELEASING = YES;
				CLANG_WARN_BOOL_CONVERSION = YES;
				CLANG_WARN_COMMA = YES;
				CLANG_WARN_CONSTANT_CONVERSION = YES;
				CLANG_WARN_DEPRECATED_OBJC_IMPLEMENTATIONS = YES;
				CLANG_WARN_DIRECT_OBJC_ISA_USAGE = YES_ERROR;
				CLANG_WARN_DOCUMENTATION_COMMENTS = YES;
				CLANG_WARN_EMPTY_BODY = YES;
				CLANG_WARN_ENUM_CONVERSION = YES;
				CLANG_WARN_INFINITE_RECURSION = YES;
				CLANG_WARN_INT_CONVERSION = YES;
				CLANG_WARN_NON_LITERAL_NULL_CONVERSION = YES;
				CLANG_WARN_OBJC_IMPLICIT_RETAIN_SELF = YES;
				CLANG_WARN_OBJC_LITERAL_CONVERSION = YES;
				CLANG_WARN_OBJC_ROOT_CLASS = YES_ERROR;
				CLANG_WARN_RANGE_LOOP_ANALYSIS = YES;
				CLANG_WARN_STRICT_PROTOTYPES = YES;
				CLANG_WARN_SUSPICIOUS_MOVE = YES;
				CLANG_WARN_UNGUARDED_AVAILABILITY = YES_AGGRESSIVE;
				CLANG_WARN_UNREACHABLE_CODE = YES;
				CLANG_WARN__DUPLICATE_METHOD_MATCH = YES;
				COPY_PHASE_STRIP = NO;
				DEBUG_INFORMATION_FORMAT = "dwarf-with-dsym";
				ENABLE_NS_ASSERTIONS = NO;
				ENABLE_STRICT_OBJC_MSGSEND = YES;
				GCC_C_LANGUAGE_STANDARD = gnu11;
				GCC_NO_COMMON_BLOCKS = YES;
				GCC_WARN_64_TO_32_BIT_CONVERSION = YES;
				GCC_WARN_ABOUT_RETURN_TYPE = YES_ERROR;
				GCC_WARN_UNDECLARED_SELECTOR = YES;
				GCC_WARN_UNINITIALIZED_AUTOS = YES_AGGRESSIVE;
				GCC_WARN_UNUSED_FUNCTION = YES;
				GCC_WARN_UNUSED_VARIABLE = YES;
				IPHONEOS_DEPLOYMENT_TARGET = 13.6;
				MTL_ENABLE_DEBUG_INFO = NO;
				MTL_FAST_MATH = YES;
				SDKROOT = iphoneos;
				SWIFT_COMPILATION_MODE = wholemodule;
				SWIFT_OPTIMIZATION_LEVEL = "-O";
				VALIDATE_PRODUCT = YES;
			};
			name = Release;
		};
		6EA2FCC6253B865900566D06 /* Debug */ = {
			isa = XCBuildConfiguration;
			baseConfigurationReference = DBD4166D2F130D722D9D1DDE /* Pods-We The Speakers.debug.xcconfig */;
			buildSettings = {
				ASSETCATALOG_COMPILER_APPICON_NAME = AppIcon;
				CODE_SIGN_STYLE = Automatic;
				DEVELOPMENT_TEAM = 7B586YYL56;
				INFOPLIST_FILE = "We The Speakers/Info.plist";
				LD_RUNPATH_SEARCH_PATHS = (
					"$(inherited)",
					"@executable_path/Frameworks",
				);
				PRODUCT_BUNDLE_IDENTIFIER = "com.sb.We-The-Speakers";
				PRODUCT_NAME = "$(TARGET_NAME)";
				SWIFT_VERSION = 5.0;
				TARGETED_DEVICE_FAMILY = "1,2";
			};
			name = Debug;
		};
		6EA2FCC7253B865900566D06 /* Release */ = {
			isa = XCBuildConfiguration;
			baseConfigurationReference = C91E890D4C2C805DF9FC9AFE /* Pods-We The Speakers.release.xcconfig */;
			buildSettings = {
				ASSETCATALOG_COMPILER_APPICON_NAME = AppIcon;
				CODE_SIGN_STYLE = Automatic;
				DEVELOPMENT_TEAM = 7B586YYL56;
				INFOPLIST_FILE = "We The Speakers/Info.plist";
				LD_RUNPATH_SEARCH_PATHS = (
					"$(inherited)",
					"@executable_path/Frameworks",
				);
				PRODUCT_BUNDLE_IDENTIFIER = "com.sb.We-The-Speakers";
				PRODUCT_NAME = "$(TARGET_NAME)";
				SWIFT_VERSION = 5.0;
				TARGETED_DEVICE_FAMILY = "1,2";
			};
			name = Release;
		};
/* End XCBuildConfiguration section */

/* Begin XCConfigurationList section */
		6EA2FCAC253B865600566D06 /* Build configuration list for PBXProject "We The Speakers" */ = {
			isa = XCConfigurationList;
			buildConfigurations = (
				6EA2FCC3253B865900566D06 /* Debug */,
				6EA2FCC4253B865900566D06 /* Release */,
			);
			defaultConfigurationIsVisible = 0;
			defaultConfigurationName = Release;
		};
		6EA2FCC5253B865900566D06 /* Build configuration list for PBXNativeTarget "We The Speakers" */ = {
			isa = XCConfigurationList;
			buildConfigurations = (
				6EA2FCC6253B865900566D06 /* Debug */,
				6EA2FCC7253B865900566D06 /* Release */,
			);
			defaultConfigurationIsVisible = 0;
			defaultConfigurationName = Release;
		};
/* End XCConfigurationList section */
	};
	rootObject = 6EA2FCA9253B865600566D06 /* Project object */;
}
